
Microsoft Visual Studio Solution File, Format Version 12.00
# Visual Studio Version 16
VisualStudioVersion = 16.0.31613.86
MinimumVisualStudioVersion = 10.0.40219.1
Project("{FAE04EC0-301F-11D3-BF4B-00C04F79EFBC}") = "Hashcat", "Hashcat\Hashcat.csproj", "{0506DE99-8E42-484B-87E6-EAF0F988EA4F}"
EndProject
Global
	GlobalSection(SolutionConfigurationPlatforms) = preSolution
		Debug|Any CPU = Debug|Any CPU
		Release|Any CPU = Release|Any CPU
	EndGlobalSection
	GlobalSection(ProjectConfigurationPlatforms) = postSolution
		{0506DE99-8E42-484B-87E6-EAF0F988EA4F}.Debug|Any CPU.ActiveCfg = Debug|Any CPU
		{0506DE99-8E42-484B-87E6-EAF0F988EA4F}.Debug|Any CPU.Build.0 = Debug|Any CPU
		{0506DE99-8E42-484B-87E6-EAF0F988EA4F}.Release|Any CPU.ActiveCfg = Release|Any CPU
		{0506DE99-8E42-484B-87E6-EAF0F988EA4F}.Release|Any CPU.Build.0 = Release|Any CPU
	EndGlobalSection
	GlobalSection(SolutionProperties) = preSolution
		HideSolutionNode = FALSE
	EndGlobalSection
	GlobalSection(ExtensibilityGlobals) = postSolution
		SolutionGuid = {CCA9C1E3-63D0-41EC-AD39-CCCDA6DFBB31}
	EndGlobalSection
EndGlobal
